
Microsoft Visual Studio Solution File, Format Version 12.00
# Visual Studio 15
Project("{FAE04EC0-301F-11D3-BF4B-00C04F79EFBC}") = "Assembly-CSharp", "Assembly-CSharp.csproj", "{A50C9203-7E18-ECA8-C9DF-CF01FF296C87}"
EndProject
Project("{FAE04EC0-301F-11D3-BF4B-00C04F79EFBC}") = "Assembly-CSharp-Editor", "Assembly-CSharp-Editor.csproj", "{D5CF49DE-DF95-12B4-43F3-EFE8FF87B5DE}"
EndProject
Global
	GlobalSection(SolutionConfigurationPlatforms) = preSolution
		Debug|Any CPU = Debug|Any CPU
		Release|Any CPU = Release|Any CPU
	EndGlobalSection
	GlobalSection(ProjectConfigurationPlatforms) = postSolution
		{A50C9203-7E18-ECA8-C9DF-CF01FF296C87}.Debug|Any CPU.ActiveCfg = Debug|Any CPU
		{A50C9203-7E18-ECA8-C9DF-CF01FF296C87}.Debug|Any CPU.Build.0 = Debug|Any CPU
		{A50C9203-7E18-ECA8-C9DF-CF01FF296C87}.Release|Any CPU.ActiveCfg = Release|Any CPU
		{A50C9203-7E18-ECA8-C9DF-CF01FF296C87}.Release|Any CPU.Build.0 = Release|Any CPU
		{D5CF49DE-DF95-12B4-43F3-EFE8FF87B5DE}.Debug|Any CPU.ActiveCfg = Debug|Any CPU
		{D5CF49DE-DF95-12B4-43F3-EFE8FF87B5DE}.Debug|Any CPU.Build.0 = Debug|Any CPU
		{D5CF49DE-DF95-12B4-43F3-EFE8FF87B5DE}.Release|Any CPU.ActiveCfg = Release|Any CPU
		{D5CF49DE-DF95-12B4-43F3-EFE8FF87B5DE}.Release|Any CPU.Build.0 = Release|Any CPU
	EndGlobalSection
	GlobalSection(SolutionProperties) = preSolution
		HideSolutionNode = FALSE
	EndGlobalSection
EndGlobal
